
Microsoft Visual Studio Solution File, Format Version 12.00
# Visual Studio Version 17
VisualStudioVersion = 17.9.34728.123
MinimumVisualStudioVersion = 10.0.40219.1
Project("{FAE04EC0-301F-11D3-BF4B-00C04F79EFBC}") = "expense", "expense\expense.csproj", "{465A67A9-E0C9-4CEE-A0F2-891D1DFFB619}"
EndProject
Project("{FAE04EC0-301F-11D3-BF4B-00C04F79EFBC}") = "Expenses.Models", "Expenses.Models\Expenses.Models.csproj", "{352CF8F1-06B9-477D-A3D4-3BEE032A3C7E}"
EndProject
Project("{FAE04EC0-301F-11D3-BF4B-00C04F79EFBC}") = "Expenses.DataAccess", "Expenses.DataAccess\Expenses.DataAccess.csproj", "{C98716DE-27F2-4206-BE14-24474F762FAE}"
EndProject
Global
	GlobalSection(SolutionConfigurationPlatforms) = preSolution
		Debug|Any CPU = Debug|Any CPU
		Release|Any CPU = Release|Any CPU
	EndGlobalSection
	GlobalSection(ProjectConfigurationPlatforms) = postSolution
		{465A67A9-E0C9-4CEE-A0F2-891D1DFFB619}.Debug|Any CPU.ActiveCfg = Debug|Any CPU
		{465A67A9-E0C9-4CEE-A0F2-891D1DFFB619}.Debug|Any CPU.Build.0 = Debug|Any CPU
		{465A67A9-E0C9-4CEE-A0F2-891D1DFFB619}.Release|Any CPU.ActiveCfg = Release|Any CPU
		{465A67A9-E0C9-4CEE-A0F2-891D1DFFB619}.Release|Any CPU.Build.0 = Release|Any CPU
		{352CF8F1-06B9-477D-A3D4-3BEE032A3C7E}.Debug|Any CPU.ActiveCfg = Debug|Any CPU
		{352CF8F1-06B9-477D-A3D4-3BEE032A3C7E}.Debug|Any CPU.Build.0 = Debug|Any CPU
		{352CF8F1-06B9-477D-A3D4-3BEE032A3C7E}.Release|Any CPU.ActiveCfg = Release|Any CPU
		{352CF8F1-06B9-477D-A3D4-3BEE032A3C7E}.Release|Any CPU.Build.0 = Release|Any CPU
		{C98716DE-27F2-4206-BE14-24474F762FAE}.Debug|Any CPU.ActiveCfg = Debug|Any CPU
		{C98716DE-27F2-4206-BE14-24474F762FAE}.Debug|Any CPU.Build.0 = Debug|Any CPU
		{C98716DE-27F2-4206-BE14-24474F762FAE}.Release|Any CPU.ActiveCfg = Release|Any CPU
		{C98716DE-27F2-4206-BE14-24474F762FAE}.Release|Any CPU.Build.0 = Release|Any CPU
	EndGlobalSection
	GlobalSection(SolutionProperties) = preSolution
		HideSolutionNode = FALSE
	EndGlobalSection
	GlobalSection(ExtensibilityGlobals) = postSolution
		SolutionGuid = {3D4F5211-62BA-4043-B98B-9A5EBB606897}
	EndGlobalSection
EndGlobal
